// !$*UTF8*$!
{
	archiveVersion = 1;
	classes = {
	};
	objectVersion = 56;
	objects = {

/* Begin PBXBuildFile section */
		F072F3492997832B0095598B /* AppDelegate.swift in Sources */ = {isa = PBXBuildFile; fileRef = F072F3482997832B0095598B /* AppDelegate.swift */; };
		F072F34B2997832B0095598B /* SceneDelegate.swift in Sources */ = {isa = PBXBuildFile; fileRef = F072F34A2997832B0095598B /* SceneDelegate.swift */; };
		F072F34D2997832B0095598B /* ViewController.swift in Sources */ = {isa = PBXBuildFile; fileRef = F072F34C2997832B0095598B /* ViewController.swift */; };
		F072F3502997832B0095598B /* Main.storyboard in Resources */ = {isa = PBXBuildFile; fileRef = F072F34E2997832B0095598B /* Main.storyboard */; };
		F072F3522997832C0095598B /* Assets.xcassets in Resources */ = {isa = PBXBuildFile; fileRef = F072F3512997832C0095598B /* Assets.xcassets */; };
		F072F3552997832C0095598B /* LaunchScreen.storyboard in Resources */ = {isa = PBXBuildFile; fileRef = F072F3532997832C0095598B /* LaunchScreen.storyboard */; };
		F072F35D2997A8770095598B /* VideoCreator.swift in Sources */ = {isa = PBXBuildFile; fileRef = F072F35C2997A8770095598B /* VideoCreator.swift */; };
		F072F35F2997BE210095598B /* segmentation_8bit.mlmodel in Sources */ = {isa = PBXBuildFile; fileRef = F072F35E2997BE210095598B /* segmentation_8bit.mlmodel */; };
		F072F3612997DD3F0095598B /* Extensions.swift in Sources */ = {isa = PBXBuildFile; fileRef = F072F3602997DD3F0095598B /* Extensions.swift */; };
/* End PBXBuildFile section */

/* Begin PBXFileReference section */
		F072F3452997832B0095598B /* VideoTemplateMaker.app */ = {isa = PBXFileReference; explicitFileType = wrapper.application; includeInIndex = 0; path = VideoTemplateMaker.app; sourceTree = BUILT_PRODUCTS_DIR; };
		F072F3482997832B0095598B /* AppDelegate.swift */ = {isa = PBXFileReference; lastKnownFileType = sourcecode.swift; path = AppDelegate.swift; sourceTree = "<group>"; };
		F072F34A2997832B0095598B /* SceneDelegate.swift */ = {isa = PBXFileReference; lastKnownFileType = sourcecode.swift; path = SceneDelegate.swift; sourceTree = "<group>"; };
		F072F34C2997832B0095598B /* ViewController.swift */ = {isa = PBXFileReference; lastKnownFileType = sourcecode.swift; path = ViewController.swift; sourceTree = "<group>"; };
		F072F34F2997832B0095598B /* Base */ = {isa = PBXFileReference; lastKnownFileType = file.storyboard; name = Base; path = Base.lproj/Main.storyboard; sourceTree = "<group>"; };
		F072F3512997832C0095598B /* Assets.xcassets */ = {isa = PBXFileReference; lastKnownFileType = folder.assetcatalog; path = Assets.xcassets; sourceTree = "<group>"; };
		F072F3542997832C0095598B /* Base */ = {isa = PBXFileReference; lastKnownFileType = file.storyboard; name = Base; path = Base.lproj/LaunchScreen.storyboard; sourceTree = "<group>"; };
		F072F3562997832C0095598B /* Info.plist */ = {isa = PBXFileReference; lastKnownFileType = text.plist.xml; path = Info.plist; sourceTree = "<group>"; };
		F072F35C2997A8770095598B /* VideoCreator.swift */ = {isa = PBXFileReference; lastKnownFileType = sourcecode.swift; path = VideoCreator.swift; sourceTree = "<group>"; };
		F072F35E2997BE210095598B /* segmentation_8bit.mlmodel */ = {isa = PBXFileReference; lastKnownFileType = file.mlmodel; name = segmentation_8bit.mlmodel; path = ../../../Downloads/segmentation_8bit.mlmodel; sourceTree = "<group>"; };
		F072F3602997DD3F0095598B /* Extensions.swift */ = {isa = PBXFileReference; lastKnownFileType = sourcecode.swift; path = Extensions.swift; sourceTree = "<group>"; };
/* End PBXFileReference section */

/* Begin PBXFrameworksBuildPhase section */
		F072F3422997832B0095598B /* Frameworks */ = {
			isa = PBXFrameworksBuildPhase;
			buildActionMask = 2147483647;
			files = (
			);
			runOnlyForDeploymentPostprocessing = 0;
		};
/* End PBXFrameworksBuildPhase section */

/* Begin PBXGroup section */
		F072F33C2997832B0095598B = {
			isa = PBXGroup;
			children = (
				F072F3472997832B0095598B /* VideoTemplateMaker */,
				F072F3462997832B0095598B /* Products */,
			);
			sourceTree = "<group>";
		};
		F072F3462997832B0095598B /* Products */ = {
			isa = PBXGroup;
			children = (
				F072F3452997832B0095598B /* VideoTemplateMaker.app */,
			);
			name = Products;
			sourceTree = "<group>";
		};
		F072F3472997832B0095598B /* VideoTemplateMaker */ = {
			isa = PBXGroup;
			children = (
				F072F3482997832B0095598B /* AppDelegate.swift */,
				F072F34A2997832B0095598B /* SceneDelegate.swift */,
				F072F34C2997832B0095598B /* ViewController.swift */,
				F072F35C2997A8770095598B /* VideoCreator.swift */,
				F072F3602997DD3F0095598B /* Extensions.swift */,
				F072F34E2997832B0095598B /* Main.storyboard */,
				F072F3512997832C0095598B /* Assets.xcassets */,
				F072F3532997832C0095598B /* LaunchScreen.storyboard */,
				F072F3562997832C0095598B /* Info.plist */,
				F072F35E2997BE210095598B /* segmentation_8bit.mlmodel */,
			);
			path = VideoTemplateMaker;
			sourceTree = "<group>";
		};
/* End PBXGroup section */

/* Begin PBXNativeTarget section */
		F072F3442997832B0095598B /* VideoTemplateMaker */ = {
			isa = PBXNativeTarget;
			buildConfigurationList = F072F3592997832C0095598B /* Build configuration list for PBXNativeTarget "VideoTemplateMaker" */;
			buildPhases = (
				F072F3412997832B0095598B /* Sources */,
				F072F3422997832B0095598B /* Frameworks */,
				F072F3432997832B0095598B /* Resources */,
			);
			buildRules = (
			);
			dependencies = (
			);
			name = VideoTemplateMaker;
			productName = VideoTemplateMaker;
			productReference = F072F3452997832B0095598B /* VideoTemplateMaker.app */;
			productType = "com.apple.product-type.application";
		};
/* End PBXNativeTarget section */

/* Begin PBXProject section */
		F072F33D2997832B0095598B /* Project object */ = {
			isa = PBXProject;
			attributes = {
				BuildIndependentTargetsInParallel = 1;
				LastSwiftUpdateCheck = 1410;
				LastUpgradeCheck = 1410;
				TargetAttributes = {
					F072F3442997832B0095598B = {
						CreatedOnToolsVersion = 14.1;
					};
				};
			};
			buildConfigurationList = F072F3402997832B0095598B /* Build configuration list for PBXProject "VideoTemplateMaker" */;
			compatibilityVersion = "Xcode 14.0";
			developmentRegion = en;
			hasScannedForEncodings = 0;
			knownRegions = (
				en,
				Base,
			);
			mainGroup = F072F33C2997832B0095598B;
			productRefGroup = F072F3462997832B0095598B /* Products */;
			projectDirPath = "";
			projectRoot = "";
			targets = (
				F072F3442997832B0095598B /* VideoTemplateMaker */,
			);
		};
/* End PBXProject section */

/* Begin PBXResourcesBuildPhase section */
		F072F3432997832B0095598B /* Resources */ = {
			isa = PBXResourcesBuildPhase;
			buildActionMask = 2147483647;
			files = (
				F072F3552997832C0095598B /* LaunchScreen.storyboard in Resources */,
				F072F3522997832C0095598B /* Assets.xcassets in Resources */,
				F072F3502997832B0095598B /* Main.storyboard in Resources */,
			);
			runOnlyForDeploymentPostprocessing = 0;
		};
/* End PBXResourcesBuildPhase section */

/* Begin PBXSourcesBuildPhase section */
		F072F3412997832B0095598B /* Sources */ = {
			isa = PBXSourcesBuildPhase;
			buildActionMask = 2147483647;
			files = (
				F072F35D2997A8770095598B /* VideoCreator.swift in Sources */,
				F072F3612997DD3F0095598B /* Extensions.swift in Sources */,
				F072F34D2997832B0095598B /* ViewController.swift in Sources */,
				F072F3492997832B0095598B /* AppDelegate.swift in Sources */,
				F072F35F2997BE210095598B /* segmentation_8bit.mlmodel in Sources */,
				F072F34B2997832B0095598B /* SceneDelegate.swift in Sources */,
			);
			runOnlyForDeploymentPostprocessing = 0;
		};
/* End PBXSourcesBuildPhase section */

/* Begin PBXVariantGroup section */
		F072F34E2997832B0095598B /* Main.storyboard */ = {
			isa = PBXVariantGroup;
			children = (
				F072F34F2997832B0095598B /* Base */,
			);
			name = Main.storyboard;
			sourceTree = "<group>";
		};
		F072F3532997832C0095598B /* LaunchScreen.storyboard */ = {
			isa = PBXVariantGroup;
			children = (
				F072F3542997832C0095598B /* Base */,
			);
			name = LaunchScreen.storyboard;
			sourceTree = "<group>";
		};
/* End PBXVariantGroup section */

/* Begin XCBuildConfiguration section */
		F072F3572997832C0095598B /* Debug */ = {
			isa = XCBuildConfiguration;
			buildSettings = {
				ALWAYS_SEARCH_USER_PATHS = NO;
				CLANG_ANALYZER_NONNULL = YES;
				CLANG_ANALYZER_NUMBER_OBJECT_CONVERSION = YES_AGGRESSIVE;
				CLANG_CXX_LANGUAGE_STANDARD = "gnu++20";
				CLANG_ENABLE_MODULES = YES;
				CLANG_ENABLE_OBJC_ARC = YES;
				CLANG_ENABLE_OBJC_WEAK = YES;
				CLANG_WARN_BLOCK_CAPTURE_AUTORELEASING = YES;
				CLANG_WARN_BOOL_CONVERSION = YES;
				CLANG_WARN_COMMA = YES;
				CLANG_WARN_CONSTANT_CONVERSION = YES;
				CLANG_WARN_DEPRECATED_OBJC_IMPLEMENTATIONS = YES;
				CLANG_WARN_DIRECT_OBJC_ISA_USAGE = YES_ERROR;
				CLANG_WARN_DOCUMENTATION_COMMENTS = YES;
				CLANG_WARN_EMPTY_BODY = YES;
				CLANG_WARN_ENUM_CONVERSION = YES;
				CLANG_WARN_INFINITE_RECURSION = YES;
				CLANG_WARN_INT_CONVERSION = YES;
				CLANG_WARN_NON_LITERAL_NULL_CONVERSION = YES;
				CLANG_WARN_OBJC_IMPLICIT_RETAIN_SELF = YES;
				CLANG_WARN_OBJC_LITERAL_CONVERSION = YES;
				CLANG_WARN_OBJC_ROOT_CLASS = YES_ERROR;
				CLANG_WARN_QUOTED_INCLUDE_IN_FRAMEWORK_HEADER = YES;
				CLANG_WARN_RANGE_LOOP_ANALYSIS = YES;
				CLANG_WARN_STRICT_PROTOTYPES = YES;
				CLANG_WARN_SUSPICIOUS_MOVE = YES;
				CLANG_WARN_UNGUARDED_AVAILABILITY = YES_AGGRESSIVE;
				CLANG_WARN_UNREACHABLE_CODE = YES;
				CLANG_WARN__DUPLICATE_METHOD_MATCH = YES;
				COPY_PHASE_STRIP = NO;
				DEBUG_INFORMATION_FORMAT = dwarf;
				ENABLE_STRICT_OBJC_MSGSEND = YES;
				ENABLE_TESTABILITY = YES;
				GCC_C_LANGUAGE_STANDARD = gnu11;
				GCC_DYNAMIC_NO_PIC = NO;
				GCC_NO_COMMON_BLOCKS = YES;
				GCC_OPTIMIZATION_LEVEL = 0;
				GCC_PREPROCESSOR_DEFINITIONS = (
					"DEBUG=1",
					"$(inherited)",
				);
				GCC_WARN_64_TO_32_BIT_CONVERSION = YES;
				GCC_WARN_ABOUT_RETURN_TYPE = YES_ERROR;
				GCC_WARN_UNDECLARED_SELECTOR = YES;
				GCC_WARN_UNINITIALIZED_AUTOS = YES_AGGRESSIVE;
				GCC_WARN_UNUSED_FUNCTION = YES;
				GCC_WARN_UNUSED_VARIABLE = YES;
				IPHONEOS_DEPLOYMENT_TARGET = 16.1;
				MTL_ENABLE_DEBUG_INFO = INCLUDE_SOURCE;
				MTL_FAST_MATH = YES;
				ONLY_ACTIVE_ARCH = YES;
				SDKROOT = iphoneos;
				SWIFT_ACTIVE_COMPILATION_CONDITIONS = DEBUG;
				SWIFT_OPTIMIZATION_LEVEL = "-Onone";
			};
			name = Debug;
		};
		F072F3582997832C0095598B /* Release */ = {
			isa = XCBuildConfiguration;
			buildSettings = {
				ALWAYS_SEARCH_USER_PATHS = NO;
				CLANG_ANALYZER_NONNULL = YES;
				CLANG_ANALYZER_NUMBER_OBJECT_CONVERSION = YES_AGGRESSIVE;
				CLANG_CXX_LANGUAGE_STANDARD = "gnu++20";
				CLANG_ENABLE_MODULES = YES;
				CLANG_ENABLE_OBJC_ARC = YES;
				CLANG_ENABLE_OBJC_WEAK = YES;
				CLANG_WARN_BLOCK_CAPTURE_AUTORELEASING = YES;
				CLANG_WARN_BOOL_CONVERSION = YES;
				CLANG_WARN_COMMA = YES;
				CLANG_WARN_CONSTANT_CONVERSION = YES;
				CLANG_WARN_DEPRECATED_OBJC_IMPLEMENTATIONS = YES;
				CLANG_WARN_DIRECT_OBJC_ISA_USAGE = YES_ERROR;
				CLANG_WARN_DOCUMENTATION_COMMENTS = YES;
				CLANG_WARN_EMPTY_BODY = YES;
				CLANG_WARN_ENUM_CONVERSION = YES;
				CLANG_WARN_INFINITE_RECURSION = YES;
				CLANG_WARN_INT_CONVERSION = YES;
				CLANG_WARN_NON_LITERAL_NULL_CONVERSION = YES;
				CLANG_WARN_OBJC_IMPLICIT_RETAIN_SELF = YES;
				CLANG_WARN_OBJC_LITERAL_CONVERSION = YES;
				CLANG_WARN_OBJC_ROOT_CLASS = YES_ERROR;
				CLANG_WARN_QUOTED_INCLUDE_IN_FRAMEWORK_HEADER = YES;
				CLANG_WARN_RANGE_LOOP_ANALYSIS = YES;
				CLANG_WARN_STRICT_PROTOTYPES = YES;
				CLANG_WARN_SUSPICIOUS_MOVE = YES;
				CLANG_WARN_UNGUARDED_AVAILABILITY = YES_AGGRESSIVE;
				CLANG_WARN_UNREACHABLE_CODE = YES;
				CLANG_WARN__DUPLICATE_METHOD_MATCH = YES;
				COPY_PHASE_STRIP = NO;
				DEBUG_INFORMATION_FORMAT = "dwarf-with-dsym";
				ENABLE_NS_ASSERTIONS = NO;
				ENABLE_STRICT_OBJC_MSGSEND = YES;
				GCC_C_LANGUAGE_STANDARD = gnu11;
				GCC_NO_COMMON_BLOCKS = YES;
				GCC_WARN_64_TO_32_BIT_CONVERSION = YES;
				GCC_WARN_ABOUT_RETURN_TYPE = YES_ERROR;
				GCC_WARN_UNDECLARED_SELECTOR = YES;
				GCC_WARN_UNINITIALIZED_AUTOS = YES_AGGRESSIVE;
				GCC_WARN_UNUSED_FUNCTION = YES;
				GCC_WARN_UNUSED_VARIABLE = YES;
				IPHONEOS_DEPLOYMENT_TARGET = 16.1;
				MTL_ENABLE_DEBUG_INFO = NO;
				MTL_FAST_MATH = YES;
				SDKROOT = iphoneos;
				SWIFT_COMPILATION_MODE = wholemodule;
				SWIFT_OPTIMIZATION_LEVEL = "-O";
				VALIDATE_PRODUCT = YES;
			};
			name = Release;
		};
		F072F35A2997832C0095598B /* Debug */ = {
			isa = XCBuildConfiguration;
			buildSettings = {
				ASSETCATALOG_COMPILER_APPICON_NAME = AppIcon;
				ASSETCATALOG_COMPILER_GLOBAL_ACCENT_COLOR_NAME = AccentColor;
				CODE_SIGN_STYLE = Automatic;
				CURRENT_PROJECT_VERSION = 1;
				DEVELOPMENT_TEAM = AJZYW2VK44;
				GENERATE_INFOPLIST_FILE = YES;
				INFOPLIST_FILE = VideoTemplateMaker/Info.plist;
				INFOPLIST_KEY_UIApplicationSupportsIndirectInputEvents = YES;
				INFOPLIST_KEY_UILaunchStoryboardName = LaunchScreen;
				INFOPLIST_KEY_UIMainStoryboardFile = Main;
				INFOPLIST_KEY_UISupportedInterfaceOrientations_iPad = "UIInterfaceOrientationPortrait UIInterfaceOrientationPortraitUpsideDown UIInterfaceOrientationLandscapeLeft UIInterfaceOrientationLandscapeRight";
				INFOPLIST_KEY_UISupportedInterfaceOrientations_iPhone = "UIInterfaceOrientationPortrait UIInterfaceOrientationLandscapeLeft UIInterfaceOrientationLandscapeRight";
				LD_RUNPATH_SEARCH_PATHS = (
					"$(inherited)",
					"@executable_path/Frameworks",
				);
				MARKETING_VERSION = 1.0;
				PRODUCT_BUNDLE_IDENTIFIER = myOrganization.VideoTemplateMaker;
				PRODUCT_NAME = "$(TARGET_NAME)";
				SWIFT_EMIT_LOC_STRINGS = YES;
				SWIFT_VERSION = 5.0;
				TARGETED_DEVICE_FAMILY = "1,2";
			};
			name = Debug;
		};
		F072F35B2997832C0095598B /* Release */ = {
			isa = XCBuildConfiguration;
			buildSettings = {
				ASSETCATALOG_COMPILER_APPICON_NAME = AppIcon;
				ASSETCATALOG_COMPILER_GLOBAL_ACCENT_COLOR_NAME = AccentColor;
				CODE_SIGN_STYLE = Automatic;
				CURRENT_PROJECT_VERSION = 1;
				DEVELOPMENT_TEAM = AJZYW2VK44;
				GENERATE_INFOPLIST_FILE = YES;
				INFOPLIST_FILE = VideoTemplateMaker/Info.plist;
				INFOPLIST_KEY_UIApplicationSupportsIndirectInputEvents = YES;
				INFOPLIST_KEY_UILaunchStoryboardName = LaunchScreen;
				INFOPLIST_KEY_UIMainStoryboardFile = Main;
				INFOPLIST_KEY_UISupportedInterfaceOrientations_iPad = "UIInterfaceOrientationPortrait UIInterfaceOrientationPortraitUpsideDown UIInterfaceOrientationLandscapeLeft UIInterfaceOrientationLandscapeRight";
				INFOPLIST_KEY_UISupportedInterfaceOrientations_iPhone = "UIInterfaceOrientationPortrait UIInterfaceOrientationLandscapeLeft UIInterfaceOrientationLandscapeRight";
				LD_RUNPATH_SEARCH_PATHS = (
					"$(inherited)",
					"@executable_path/Frameworks",
				);
				MARKETING_VERSION = 1.0;
				PRODUCT_BUNDLE_IDENTIFIER = myOrganization.VideoTemplateMaker;
				PRODUCT_NAME = "$(TARGET_NAME)";
				SWIFT_EMIT_LOC_STRINGS = YES;
				SWIFT_VERSION = 5.0;
				TARGETED_DEVICE_FAMILY = "1,2";
			};
			name = Release;
		};
/* End XCBuildConfiguration section */

/* Begin XCConfigurationList section */
		F072F3402997832B0095598B /* Build configuration list for PBXProject "VideoTemplateMaker" */ = {
			isa = XCConfigurationList;
			buildConfigurations = (
				F072F3572997832C0095598B /* Debug */,
				F072F3582997832C0095598B /* Release */,
			);
			defaultConfigurationIsVisible = 0;
			defaultConfigurationName = Release;
		};
		F072F3592997832C0095598B /* Build configuration list for PBXNativeTarget "VideoTemplateMaker" */ = {
			isa = XCConfigurationList;
			buildConfigurations = (
				F072F35A2997832C0095598B /* Debug */,
				F072F35B2997832C0095598B /* Release */,
			);
			defaultConfigurationIsVisible = 0;
			defaultConfigurationName = Release;
		};
/* End XCConfigurationList section */
	};
	rootObject = F072F33D2997832B0095598B /* Project object */;
}
